<Solution>
  <Folder Name="/Code/">
    <File Path="Code/readme.txt" />
  </Folder>
  <Folder Name="/Code/ClassLibraries/">
    <File Path="Code/ClassLibraries/readme.txt" />
    <Project Path="Code/ClassLibraries/EFCore.Domain/EFCore.Domain.csproj" Id="177d0fa8-e7bc-4fda-97a1-73ba4b6ab6a1" />
    <Project Path="Code/ClassLibraries/EFCore.Infrastructure/EFCore.Infrastructure.csproj" Id="ce4c322d-5865-41cb-a670-32cd0a01ac52" />
    <Project Path="Code/ClassLibraries/LegacyPlcDriver/LegacyPlcDriver.csproj" />
    <Project Path="Code/ClassLibraries/Shared/Shared.csproj" />
  </Folder>
  <Folder Name="/Code/Frontend/">
    <Project Path="Code/Frontend/GLogWareWebApp/GLogWareWebApp.Client/GLogWareWebApp.Client.csproj" Id="4c4fec1e-f9ea-414a-8ed8-12ac4b6800b1" />
    <Project Path="Code/Frontend/GLogWareWebApp/GLogWareWebApp/GLogWareWebApp.csproj" Id="f4f60587-9a17-4567-b226-b8313f9b2b73" />
    <Project Path="Code/Frontend/SimulatorWebApp/SimulatorWebApp.csproj" Id="196f99c2-87ef-487b-b71e-a8bb1a9dc72c" />
  </Folder>
  <Folder Name="/Code/Services/">
    <File Path="Code/Services/readme.txt" />
    <Project Path="Code/Services/BridgeManager/BridgeManager.csproj" />
    <Project Path="Code/Services/BridgeSimulator/BridgeSimulator.csproj" Id="c27bede6-2c99-4057-a8f7-bd0bd7fe45d2" />
    <Project Path="Code/Services/ConveyorManager/ConveyorManager.csproj" Id="67b4b8e0-5aec-40e9-ba5c-af6f9a7cf44e" />
    <Project Path="Code/Services/ConveyorSimulator/ConveyorSimulator.csproj" Id="4230b515-69de-417e-9252-560a9f368f4c" />
    <Project Path="Code/Services/DemoService/DemoService.csproj" Id="69da6fc9-a188-447a-b8e1-9cd17a1198ac" />
    <Project Path="Code/Services/Garbage/Garbage.csproj" Id="8fb3bbf1-4b36-499a-a116-7fd7b9618cac" />
    <Project Path="Code/Services/JobManager/JobManager.csproj" Id="a66985a8-e462-4c68-be46-766fbaa9b78d" />
    <Project Path="Code/Services/Reserve/Reserve.csproj" Id="30116604-df23-4e66-9a9a-4e327727c0eb" />
  </Folder>
  <Folder Name="/Code/Tests/">
    <File Path="Code/Tests/readme.txt" />
    <Project Path="Code/Tests/ConsoleTests/ConsoleTests.csproj" Id="cbb06444-f404-4c63-8f90-47b5fa4d8894" />
  </Folder>
  <Folder Name="/Config/">
    <File Path="Config/config.json" />
    <File Path="Config/readme.txt" />
  </Folder>
  <Folder Name="/Config/Dev/" />
  <Folder Name="/Config/Dev/passim/">
    <File Path="Config/Dev/passim/config.json" />
  </Folder>
  <Folder Name="/Config/Prod/">
    <File Path="Config/Prod/config.json" />
  </Folder>
  <Folder Name="/Config/Test/">
    <File Path="Config/Test/config.json" />
  </Folder>
  <Folder Name="/Docker/">
    <File Path="Docker/BuildImages.ps1" />
    <File Path="Docker/BuildImages.sh" />
    <File Path="Docker/docker-compose-simulators.ps1" />
    <File Path="Docker/docker-compose-simulators.sh" />
    <File Path="Docker/docker-compose-simulators.yaml" />
    <File Path="Docker/docker-compose.ps1" />
    <File Path="Docker/docker-compose.sh" />
    <File Path="Docker/docker-compose.yaml" />
    <File Path="Docker/ImportImages.sh" />
    <File Path="Docker/readme.txt" />
  </Folder>
  <Folder Name="/Logfiles/">
    <File Path="Logfiles/readme.txt" />
  </Folder>
  <Folder Name="/Runtime/">
    <File Path="Runtime/readme.txt" />
  </Folder>
  <Folder Name="/Solution Items/">
    <File Path=".dockerignore" />
    <File Path=".gitattributes" />
    <File Path=".gitignore" />
  </Folder>
</Solution>
